
Microsoft Visual Studio Solution File, Format Version 12.00
# Visual Studio Version 17
VisualStudioVersion = 17.13.35931.197
MinimumVisualStudioVersion = 10.0.40219.1
Project("{FAE04EC0-301F-11D3-BF4B-00C04F79EFBC}") = "CurrencyConverter.API", "CurrencyConverter\CurrencyConverter.API.csproj", "{B67269E3-9DE4-4C4C-8D8D-2662A182993D}"
EndProject
Project("{FAE04EC0-301F-11D3-BF4B-00C04F79EFBC}") = "CurrencyConverter.Data", "CurrencyConverter.Data\CurrencyConverter.Data.csproj", "{DFA03926-D2D6-4C6D-ABC4-4B8DB6B16927}"
EndProject
Project("{FAE04EC0-301F-11D3-BF4B-00C04F79EFBC}") = "CurrencyConverter.Business", "CurrencyConverter.Business\CurrencyConverter.Business.csproj", "{887EEEC1-ED0F-4CE4-814E-2E6E28C72198}"
EndProject
Project("{FAE04EC0-301F-11D3-BF4B-00C04F79EFBC}") = "CurrencyConverter.Common", "CurrencyConverter.Common\CurrencyConverter.Common.csproj", "{4D2BE365-ED5C-4697-B298-5EA41A4D6F5D}"
EndProject
Project("{FAE04EC0-301F-11D3-BF4B-00C04F79EFBC}") = "CurrencyConverter.NUnit", "CurrencyConverter.NUnit\CurrencyConverter.NUnit.csproj", "{CEFD709C-B771-44C8-BDD2-B18CC957B4F4}"
EndProject
Project("{FAE04EC0-301F-11D3-BF4B-00C04F79EFBC}") = "CurrencyConvert.Integration", "CurrencyConvert.Integration\CurrencyConvert.Integration.csproj", "{3BFB7CE4-B203-4918-A555-85F5CC91C2BF}"
EndProject
Global
	GlobalSection(SolutionConfigurationPlatforms) = preSolution
		Debug|Any CPU = Debug|Any CPU
		Release|Any CPU = Release|Any CPU
	EndGlobalSection
	GlobalSection(ProjectConfigurationPlatforms) = postSolution
		{B67269E3-9DE4-4C4C-8D8D-2662A182993D}.Debug|Any CPU.ActiveCfg = Debug|Any CPU
		{B67269E3-9DE4-4C4C-8D8D-2662A182993D}.Debug|Any CPU.Build.0 = Debug|Any CPU
		{B67269E3-9DE4-4C4C-8D8D-2662A182993D}.Release|Any CPU.ActiveCfg = Release|Any CPU
		{B67269E3-9DE4-4C4C-8D8D-2662A182993D}.Release|Any CPU.Build.0 = Release|Any CPU
		{DFA03926-D2D6-4C6D-ABC4-4B8DB6B16927}.Debug|Any CPU.ActiveCfg = Debug|Any CPU
		{DFA03926-D2D6-4C6D-ABC4-4B8DB6B16927}.Debug|Any CPU.Build.0 = Debug|Any CPU
		{DFA03926-D2D6-4C6D-ABC4-4B8DB6B16927}.Release|Any CPU.ActiveCfg = Release|Any CPU
		{DFA03926-D2D6-4C6D-ABC4-4B8DB6B16927}.Release|Any CPU.Build.0 = Release|Any CPU
		{887EEEC1-ED0F-4CE4-814E-2E6E28C72198}.Debug|Any CPU.ActiveCfg = Debug|Any CPU
		{887EEEC1-ED0F-4CE4-814E-2E6E28C72198}.Debug|Any CPU.Build.0 = Debug|Any CPU
		{887EEEC1-ED0F-4CE4-814E-2E6E28C72198}.Release|Any CPU.ActiveCfg = Release|Any CPU
		{887EEEC1-ED0F-4CE4-814E-2E6E28C72198}.Release|Any CPU.Build.0 = Release|Any CPU
		{4D2BE365-ED5C-4697-B298-5EA41A4D6F5D}.Debug|Any CPU.ActiveCfg = Debug|Any CPU
		{4D2BE365-ED5C-4697-B298-5EA41A4D6F5D}.Debug|Any CPU.Build.0 = Debug|Any CPU
		{4D2BE365-ED5C-4697-B298-5EA41A4D6F5D}.Release|Any CPU.ActiveCfg = Release|Any CPU
		{4D2BE365-ED5C-4697-B298-5EA41A4D6F5D}.Release|Any CPU.Build.0 = Release|Any CPU
		{CEFD709C-B771-44C8-BDD2-B18CC957B4F4}.Debug|Any CPU.ActiveCfg = Debug|Any CPU
		{CEFD709C-B771-44C8-BDD2-B18CC957B4F4}.Debug|Any CPU.Build.0 = Debug|Any CPU
		{CEFD709C-B771-44C8-BDD2-B18CC957B4F4}.Release|Any CPU.ActiveCfg = Release|Any CPU
		{CEFD709C-B771-44C8-BDD2-B18CC957B4F4}.Release|Any CPU.Build.0 = Release|Any CPU
		{3BFB7CE4-B203-4918-A555-85F5CC91C2BF}.Debug|Any CPU.ActiveCfg = Debug|Any CPU
		{3BFB7CE4-B203-4918-A555-85F5CC91C2BF}.Debug|Any CPU.Build.0 = Debug|Any CPU
		{3BFB7CE4-B203-4918-A555-85F5CC91C2BF}.Release|Any CPU.ActiveCfg = Release|Any CPU
		{3BFB7CE4-B203-4918-A555-85F5CC91C2BF}.Release|Any CPU.Build.0 = Release|Any CPU
	EndGlobalSection
	GlobalSection(SolutionProperties) = preSolution
		HideSolutionNode = FALSE
	EndGlobalSection
	GlobalSection(ExtensibilityGlobals) = postSolution
		SolutionGuid = {73AB00EA-2450-439C-BAB1-8799D788A97C}
	EndGlobalSection
EndGlobal
